// !$*UTF8*$!
{
	archiveVersion = 1;
	classes = {
	};
	objectVersion = 55;
	objects = {

/* Begin PBXBuildFile section */
		1A41E61C26E745DD009B65D7 /* Assets.xcassets in Resources */ = {isa = PBXBuildFile; fileRef = 1A41E61B26E745DD009B65D7 /* Assets.xcassets */; };
		1A41E62926E745DD009B65D7 /* TransputTests.swift in Sources */ = {isa = PBXBuildFile; fileRef = 1A41E62826E745DD009B65D7 /* TransputTests.swift */; };
		1A41E63326E745DD009B65D7 /* TransputUITests.swift in Sources */ = {isa = PBXBuildFile; fileRef = 1A41E63226E745DD009B65D7 /* TransputUITests.swift */; };
		1A41E63526E745DD009B65D7 /* TransputUITestsLaunchTests.swift in Sources */ = {isa = PBXBuildFile; fileRef = 1A41E63426E745DD009B65D7 /* TransputUITestsLaunchTests.swift */; };
		1A41E64226E74627009B65D7 /* AppDelegate.swift in Sources */ = {isa = PBXBuildFile; fileRef = 1A41E64126E74627009B65D7 /* AppDelegate.swift */; };
		E5207A222C5F849A00D78D7A /* main.swift in Sources */ = {isa = PBXBuildFile; fileRef = E5207A212C5F849A00D78D7A /* main.swift */; };
		E5207A372C5F8C2100D78D7A /* TransputInputController.swift in Sources */ = {isa = PBXBuildFile; fileRef = E5207A242C5F8C2100D78D7A /* TransputInputController.swift */; };
		E5207A392C5F8C2100D78D7A /* ConfigWindowController.swift in Sources */ = {isa = PBXBuildFile; fileRef = E5207A272C5F8C2100D78D7A /* ConfigWindowController.swift */; };
		E5207A3A2C5F8C2100D78D7A /* preferences.xib in Resources */ = {isa = PBXBuildFile; fileRef = E5207A282C5F8C2100D78D7A /* preferences.xib */; };
		E5207A3B2C5F8C2100D78D7A /* CommonUtils.swift in Sources */ = {isa = PBXBuildFile; fileRef = E5207A2A2C5F8C2100D78D7A /* CommonUtils.swift */; };
		E5207A3C2C5F8C2100D78D7A /* HttpClient.swift in Sources */ = {isa = PBXBuildFile; fileRef = E5207A2B2C5F8C2100D78D7A /* HttpClient.swift */; };
		E5207A3D2C5F8C2100D78D7A /* Trie.swift in Sources */ = {isa = PBXBuildFile; fileRef = E5207A2C2C5F8C2100D78D7A /* Trie.swift */; };
		E5207A3E2C5F8C2100D78D7A /* TongyiQianWen.swift in Sources */ = {isa = PBXBuildFile; fileRef = E5207A2E2C5F8C2100D78D7A /* TongyiQianWen.swift */; };
		E5207A3F2C5F8C2100D78D7A /* Translater.swift in Sources */ = {isa = PBXBuildFile; fileRef = E5207A2F2C5F8C2100D78D7A /* Translater.swift */; };
		E5207A402C5F8C2100D78D7A /* Preview Assets.xcassets in Resources */ = {isa = PBXBuildFile; fileRef = E5207A312C5F8C2100D78D7A /* Preview Assets.xcassets */; };
		E5207A412C5F8C2100D78D7A /* ConfigModel.swift in Sources */ = {isa = PBXBuildFile; fileRef = E5207A332C5F8C2100D78D7A /* ConfigModel.swift */; };
		E5207A422C5F8C2100D78D7A /* NSRange.swift in Sources */ = {isa = PBXBuildFile; fileRef = E5207A342C5F8C2100D78D7A /* NSRange.swift */; };
		E523D0352C8BED9600C072A3 /* librime-octagram.dylib in Frameworks */ = {isa = PBXBuildFile; fileRef = E57595C12C87E6EA00956346 /* librime-octagram.dylib */; };
		E523D0362C8BED9600C072A3 /* librime-lua.dylib in Frameworks */ = {isa = PBXBuildFile; fileRef = E57595C22C87E6EA00956346 /* librime-lua.dylib */; };
		E523D0372C8BED9600C072A3 /* librime-predict.dylib in Frameworks */ = {isa = PBXBuildFile; fileRef = E57595C42C87E6EA00956346 /* librime-predict.dylib */; };
		E523D0382C8BED9600C072A3 /* librime.1.dylib in Frameworks */ = {isa = PBXBuildFile; fileRef = E57595C32C87E6EA00956346 /* librime.1.dylib */; };
		E52B64382C8AD4D700D6B658 /* BridgingFunctions.swift in Sources */ = {isa = PBXBuildFile; fileRef = E52B64372C8AD4D700D6B658 /* BridgingFunctions.swift */; };
		E52B643A2C8AD6BC00D6B658 /* RimeBridge.swift in Sources */ = {isa = PBXBuildFile; fileRef = E52B64392C8AD6BC00D6B658 /* RimeBridge.swift */; };
		E57595C72C87E6EA00956346 /* librime.1.dylib in Frameworks */ = {isa = PBXBuildFile; fileRef = E57595C32C87E6EA00956346 /* librime.1.dylib */; };
		E57A020E2C673722009E059C /* logo@2x.tiff in Resources */ = {isa = PBXBuildFile; fileRef = E57A020C2C673722009E059C /* logo@2x.tiff */; };
		E57A020F2C673722009E059C /* logo.tiff in Resources */ = {isa = PBXBuildFile; fileRef = E57A020D2C673722009E059C /* logo.tiff */; };
		E59187552C885E6F002DF4CA /* librime-lua.dylib in Embed Libraries */ = {isa = PBXBuildFile; fileRef = E57595C22C87E6EA00956346 /* librime-lua.dylib */; settings = {ATTRIBUTES = (CodeSignOnCopy, ); }; };
		E59187572C885E71002DF4CA /* librime-octagram.dylib in Embed Libraries */ = {isa = PBXBuildFile; fileRef = E57595C12C87E6EA00956346 /* librime-octagram.dylib */; settings = {ATTRIBUTES = (CodeSignOnCopy, ); }; };
		E59187582C885E72002DF4CA /* librime-predict.dylib in Embed Libraries */ = {isa = PBXBuildFile; fileRef = E57595C42C87E6EA00956346 /* librime-predict.dylib */; settings = {ATTRIBUTES = (CodeSignOnCopy, ); }; };
		E59187592C885E74002DF4CA /* librime.1.dylib in Embed Libraries */ = {isa = PBXBuildFile; fileRef = E57595C32C87E6EA00956346 /* librime.1.dylib */; settings = {ATTRIBUTES = (CodeSignOnCopy, ); }; };
		E591875B2C886133002DF4CA /* MacOSKeyCode.swift in Sources */ = {isa = PBXBuildFile; fileRef = E591875A2C886133002DF4CA /* MacOSKeyCode.swift */; };
		E5B075902C83107F0011BCA4 /* InputProcesser.swift in Sources */ = {isa = PBXBuildFile; fileRef = E5B0758F2C83107F0011BCA4 /* InputProcesser.swift */; };
		E5B075922C8314CC0011BCA4 /* Gpt35Turbo.swift in Sources */ = {isa = PBXBuildFile; fileRef = E5B075912C8314CC0011BCA4 /* Gpt35Turbo.swift */; };
		E5E2D38F2C6F3E39002EAF5D /* CustomProgess.swift in Sources */ = {isa = PBXBuildFile; fileRef = E5E2D38E2C6F3E39002EAF5D /* CustomProgess.swift */; };
		E5FFDF912C5C6E25008CB649 /* InputError.swift in Sources */ = {isa = PBXBuildFile; fileRef = E5FFDF902C5C6E25008CB649 /* InputError.swift */; };
/* End PBXBuildFile section */

/* Begin PBXContainerItemProxy section */
		1A41E62526E745DD009B65D7 /* PBXContainerItemProxy */ = {
			isa = PBXContainerItemProxy;
			containerPortal = 1A41E60C26E745D9009B65D7 /* Project object */;
			proxyType = 1;
			remoteGlobalIDString = 1A41E61326E745D9009B65D7;
			remoteInfo = Transput;
		};
		1A41E62F26E745DD009B65D7 /* PBXContainerItemProxy */ = {
			isa = PBXContainerItemProxy;
			containerPortal = 1A41E60C26E745D9009B65D7 /* Project object */;
			proxyType = 1;
			remoteGlobalIDString = 1A41E61326E745D9009B65D7;
			remoteInfo = Transput;
		};
/* End PBXContainerItemProxy section */

/* Begin PBXCopyFilesBuildPhase section */
		E59187562C885E6F002DF4CA /* Embed Libraries */ = {
			isa = PBXCopyFilesBuildPhase;
			buildActionMask = 2147483647;
			dstPath = "";
			dstSubfolderSpec = 10;
			files = (
				E59187592C885E74002DF4CA /* librime.1.dylib in Embed Libraries */,
				E59187552C885E6F002DF4CA /* librime-lua.dylib in Embed Libraries */,
				E59187572C885E71002DF4CA /* librime-octagram.dylib in Embed Libraries */,
				E59187582C885E72002DF4CA /* librime-predict.dylib in Embed Libraries */,
			);
			name = "Embed Libraries";
			runOnlyForDeploymentPostprocessing = 0;
		};
/* End PBXCopyFilesBuildPhase section */

/* Begin PBXFileReference section */
		1A41E61426E745D9009B65D7 /* Transput.app */ = {isa = PBXFileReference; explicitFileType = wrapper.application; includeInIndex = 0; path = Transput.app; sourceTree = BUILT_PRODUCTS_DIR; };
		1A41E61B26E745DD009B65D7 /* Assets.xcassets */ = {isa = PBXFileReference; lastKnownFileType = folder.assetcatalog; path = Assets.xcassets; sourceTree = "<group>"; };
		1A41E62426E745DD009B65D7 /* TransputTests.xctest */ = {isa = PBXFileReference; explicitFileType = wrapper.cfbundle; includeInIndex = 0; path = TransputTests.xctest; sourceTree = BUILT_PRODUCTS_DIR; };
		1A41E62826E745DD009B65D7 /* TransputTests.swift */ = {isa = PBXFileReference; lastKnownFileType = sourcecode.swift; path = TransputTests.swift; sourceTree = "<group>"; };
		1A41E62E26E745DD009B65D7 /* TransputUITests.xctest */ = {isa = PBXFileReference; explicitFileType = wrapper.cfbundle; includeInIndex = 0; path = TransputUITests.xctest; sourceTree = BUILT_PRODUCTS_DIR; };
		1A41E63226E745DD009B65D7 /* TransputUITests.swift */ = {isa = PBXFileReference; lastKnownFileType = sourcecode.swift; path = TransputUITests.swift; sourceTree = "<group>"; };
		1A41E63426E745DD009B65D7 /* TransputUITestsLaunchTests.swift */ = {isa = PBXFileReference; lastKnownFileType = sourcecode.swift; path = TransputUITestsLaunchTests.swift; sourceTree = "<group>"; };
		1A41E64126E74627009B65D7 /* AppDelegate.swift */ = {isa = PBXFileReference; lastKnownFileType = sourcecode.swift; path = AppDelegate.swift; sourceTree = "<group>"; };
		1A41E64526E7470D009B65D7 /* Info.plist */ = {isa = PBXFileReference; lastKnownFileType = text.plist; path = Info.plist; sourceTree = "<group>"; };
		1A41E64826E7495A009B65D7 /* Transput.entitlements */ = {isa = PBXFileReference; lastKnownFileType = text.plist.entitlements; path = Transput.entitlements; sourceTree = "<group>"; };
		E5207A212C5F849A00D78D7A /* main.swift */ = {isa = PBXFileReference; lastKnownFileType = sourcecode.swift; path = main.swift; sourceTree = "<group>"; };
		E5207A242C5F8C2100D78D7A /* TransputInputController.swift */ = {isa = PBXFileReference; fileEncoding = 4; lastKnownFileType = sourcecode.swift; path = TransputInputController.swift; sourceTree = "<group>"; };
		E5207A272C5F8C2100D78D7A /* ConfigWindowController.swift */ = {isa = PBXFileReference; fileEncoding = 4; lastKnownFileType = sourcecode.swift; path = ConfigWindowController.swift; sourceTree = "<group>"; };
		E5207A282C5F8C2100D78D7A /* preferences.xib */ = {isa = PBXFileReference; fileEncoding = 4; lastKnownFileType = file.xib; path = preferences.xib; sourceTree = "<group>"; };
		E5207A2A2C5F8C2100D78D7A /* CommonUtils.swift */ = {isa = PBXFileReference; fileEncoding = 4; lastKnownFileType = sourcecode.swift; path = CommonUtils.swift; sourceTree = "<group>"; };
		E5207A2B2C5F8C2100D78D7A /* HttpClient.swift */ = {isa = PBXFileReference; fileEncoding = 4; lastKnownFileType = sourcecode.swift; path = HttpClient.swift; sourceTree = "<group>"; };
		E5207A2C2C5F8C2100D78D7A /* Trie.swift */ = {isa = PBXFileReference; fileEncoding = 4; lastKnownFileType = sourcecode.swift; path = Trie.swift; sourceTree = "<group>"; };
		E5207A2E2C5F8C2100D78D7A /* TongyiQianWen.swift */ = {isa = PBXFileReference; fileEncoding = 4; lastKnownFileType = sourcecode.swift; path = TongyiQianWen.swift; sourceTree = "<group>"; };
		E5207A2F2C5F8C2100D78D7A /* Translater.swift */ = {isa = PBXFileReference; fileEncoding = 4; lastKnownFileType = sourcecode.swift; path = Translater.swift; sourceTree = "<group>"; };
		E5207A312C5F8C2100D78D7A /* Preview Assets.xcassets */ = {isa = PBXFileReference; lastKnownFileType = folder.assetcatalog; path = "Preview Assets.xcassets"; sourceTree = "<group>"; };
		E5207A332C5F8C2100D78D7A /* ConfigModel.swift */ = {isa = PBXFileReference; fileEncoding = 4; lastKnownFileType = sourcecode.swift; path = ConfigModel.swift; sourceTree = "<group>"; };
		E5207A342C5F8C2100D78D7A /* NSRange.swift */ = {isa = PBXFileReference; fileEncoding = 4; lastKnownFileType = sourcecode.swift; path = NSRange.swift; sourceTree = "<group>"; };
		E52B64372C8AD4D700D6B658 /* BridgingFunctions.swift */ = {isa = PBXFileReference; lastKnownFileType = sourcecode.swift; path = BridgingFunctions.swift; sourceTree = "<group>"; };
		E52B64392C8AD6BC00D6B658 /* RimeBridge.swift */ = {isa = PBXFileReference; lastKnownFileType = sourcecode.swift; path = RimeBridge.swift; sourceTree = "<group>"; };
		E559FD982C8E8AB70010BB00 /* librime-octagram.dylib */ = {isa = PBXFileReference; lastKnownFileType = "compiled.mach-o.dylib"; name = "librime-octagram.dylib"; path = "lib/librime-octagram.dylib"; sourceTree = "<group>"; };
		E559FD9A2C8E8ACD0010BB00 /* librime-lua.dylib */ = {isa = PBXFileReference; lastKnownFileType = "compiled.mach-o.dylib"; name = "librime-lua.dylib"; path = "lib/librime-lua.dylib"; sourceTree = "<group>"; };
		E559FD9B2C8E8ACD0010BB00 /* librime-predict.dylib */ = {isa = PBXFileReference; lastKnownFileType = "compiled.mach-o.dylib"; name = "librime-predict.dylib"; path = "lib/librime-predict.dylib"; sourceTree = "<group>"; };
		E57595C12C87E6EA00956346 /* librime-octagram.dylib */ = {isa = PBXFileReference; lastKnownFileType = "compiled.mach-o.dylib"; name = "librime-octagram.dylib"; path = "lib/librime-octagram.dylib"; sourceTree = "<group>"; };
		E57595C22C87E6EA00956346 /* librime-lua.dylib */ = {isa = PBXFileReference; lastKnownFileType = "compiled.mach-o.dylib"; name = "librime-lua.dylib"; path = "lib/librime-lua.dylib"; sourceTree = "<group>"; };
		E57595C32C87E6EA00956346 /* librime.1.dylib */ = {isa = PBXFileReference; lastKnownFileType = "compiled.mach-o.dylib"; name = librime.1.dylib; path = lib/librime.1.dylib; sourceTree = "<group>"; };
		E57595C42C87E6EA00956346 /* librime-predict.dylib */ = {isa = PBXFileReference; lastKnownFileType = "compiled.mach-o.dylib"; name = "librime-predict.dylib"; path = "lib/librime-predict.dylib"; sourceTree = "<group>"; };
		E57A02022C670835009E059C /* TransputTests.xctestplan */ = {isa = PBXFileReference; lastKnownFileType = text; path = TransputTests.xctestplan; sourceTree = SOURCE_ROOT; };
		E57A020C2C673722009E059C /* logo@2x.tiff */ = {isa = PBXFileReference; lastKnownFileType = image.tiff; path = "logo@2x.tiff"; sourceTree = "<group>"; };
		E57A020D2C673722009E059C /* logo.tiff */ = {isa = PBXFileReference; lastKnownFileType = image.tiff; path = logo.tiff; sourceTree = "<group>"; };
		E591875A2C886133002DF4CA /* MacOSKeyCode.swift */ = {isa = PBXFileReference; lastKnownFileType = sourcecode.swift; path = MacOSKeyCode.swift; sourceTree = "<group>"; };
		E59515B92C8561F100A1FA03 /* Pinyin-Bridging-Header.h */ = {isa = PBXFileReference; lastKnownFileType = sourcecode.c.h; path = "Pinyin-Bridging-Header.h"; sourceTree = "<group>"; };
		E5B0758F2C83107F0011BCA4 /* InputProcesser.swift */ = {isa = PBXFileReference; lastKnownFileType = sourcecode.swift; path = InputProcesser.swift; sourceTree = "<group>"; };
		E5B075912C8314CC0011BCA4 /* Gpt35Turbo.swift */ = {isa = PBXFileReference; lastKnownFileType = sourcecode.swift; path = Gpt35Turbo.swift; sourceTree = "<group>"; };
		E5E2D38E2C6F3E39002EAF5D /* CustomProgess.swift */ = {isa = PBXFileReference; lastKnownFileType = sourcecode.swift; path = CustomProgess.swift; sourceTree = "<group>"; };
		E5FFDF902C5C6E25008CB649 /* InputError.swift */ = {isa = PBXFileReference; lastKnownFileType = sourcecode.swift; path = InputError.swift; sourceTree = "<group>"; };
/* End PBXFileReference section */

/* Begin PBXFrameworksBuildPhase section */
		1A41E61126E745D9009B65D7 /* Frameworks */ = {
			isa = PBXFrameworksBuildPhase;
			buildActionMask = 2147483647;
			files = (
				E57595C72C87E6EA00956346 /* librime.1.dylib in Frameworks */,
			);
			runOnlyForDeploymentPostprocessing = 0;
		};
		1A41E62126E745DD009B65D7 /* Frameworks */ = {
			isa = PBXFrameworksBuildPhase;
			buildActionMask = 2147483647;
			files = (
				E523D0352C8BED9600C072A3 /* librime-octagram.dylib in Frameworks */,
				E523D0362C8BED9600C072A3 /* librime-lua.dylib in Frameworks */,
				E523D0372C8BED9600C072A3 /* librime-predict.dylib in Frameworks */,
				E523D0382C8BED9600C072A3 /* librime.1.dylib in Frameworks */,
			);
			runOnlyForDeploymentPostprocessing = 0;
		};
		1A41E62B26E745DD009B65D7 /* Frameworks */ = {
			isa = PBXFrameworksBuildPhase;
			buildActionMask = 2147483647;
			files = (
			);
			runOnlyForDeploymentPostprocessing = 0;
		};
/* End PBXFrameworksBuildPhase section */

/* Begin PBXGroup section */
		1A41E60B26E745D9009B65D7 = {
			isa = PBXGroup;
			children = (
				E559FD9A2C8E8ACD0010BB00 /* librime-lua.dylib */,
				E559FD9B2C8E8ACD0010BB00 /* librime-predict.dylib */,
				E559FD982C8E8AB70010BB00 /* librime-octagram.dylib */,
				1A41E61626E745D9009B65D7 /* Transput */,
				1A41E62726E745DD009B65D7 /* TransputTests */,
				1A41E63126E745DD009B65D7 /* TransputUITests */,
				1A41E61526E745D9009B65D7 /* Products */,
				E59515AC2C8552C400A1FA03 /* Frameworks */,
			);
			sourceTree = "<group>";
		};
		1A41E61526E745D9009B65D7 /* Products */ = {
			isa = PBXGroup;
			children = (
				1A41E61426E745D9009B65D7 /* Transput.app */,
				1A41E62426E745DD009B65D7 /* TransputTests.xctest */,
				1A41E62E26E745DD009B65D7 /* TransputUITests.xctest */,
			);
			name = Products;
			sourceTree = "<group>";
		};
		1A41E61626E745D9009B65D7 /* Transput */ = {
			isa = PBXGroup;
			children = (
				E59515AB2C85529B00A1FA03 /* Bridge */,
				E57A020D2C673722009E059C /* logo.tiff */,
				E57A020C2C673722009E059C /* logo@2x.tiff */,
				E5207A332C5F8C2100D78D7A /* ConfigModel.swift */,
				E5207A252C5F8C2100D78D7A /* Core */,
				E5207A352C5F8C2100D78D7A /* Extensions */,
				E5207A322C5F8C2100D78D7A /* Preview Content */,
				E5207A302C5F8C2100D78D7A /* Translate */,
				E5207A2D2C5F8C2100D78D7A /* Utils */,
				E5207A292C5F8C2100D78D7A /* Views */,
				1A41E64526E7470D009B65D7 /* Info.plist */,
				1A41E64826E7495A009B65D7 /* Transput.entitlements */,
				1A41E64126E74627009B65D7 /* AppDelegate.swift */,
				1A41E61B26E745DD009B65D7 /* Assets.xcassets */,
				E5207A212C5F849A00D78D7A /* main.swift */,
			);
			path = Transput;
			sourceTree = "<group>";
		};
		1A41E62726E745DD009B65D7 /* TransputTests */ = {
			isa = PBXGroup;
			children = (
				1A41E62826E745DD009B65D7 /* TransputTests.swift */,
				E57A02022C670835009E059C /* TransputTests.xctestplan */,
				E5FFDF902C5C6E25008CB649 /* InputError.swift */,
			);
			path = TransputTests;
			sourceTree = "<group>";
		};
		1A41E63126E745DD009B65D7 /* TransputUITests */ = {
			isa = PBXGroup;
			children = (
				1A41E63226E745DD009B65D7 /* TransputUITests.swift */,
				1A41E63426E745DD009B65D7 /* TransputUITestsLaunchTests.swift */,
			);
			path = TransputUITests;
			sourceTree = "<group>";
		};
		E5207A252C5F8C2100D78D7A /* Core */ = {
			isa = PBXGroup;
			children = (
				E5207A242C5F8C2100D78D7A /* TransputInputController.swift */,
				E5B0758F2C83107F0011BCA4 /* InputProcesser.swift */,
				E591875A2C886133002DF4CA /* MacOSKeyCode.swift */,
				E52B64372C8AD4D700D6B658 /* BridgingFunctions.swift */,
				E52B64392C8AD6BC00D6B658 /* RimeBridge.swift */,
			);
			path = Core;
			sourceTree = "<group>";
		};
		E5207A292C5F8C2100D78D7A /* Views */ = {
			isa = PBXGroup;
			children = (
				E5207A272C5F8C2100D78D7A /* ConfigWindowController.swift */,
				E5207A282C5F8C2100D78D7A /* preferences.xib */,
				E5E2D38E2C6F3E39002EAF5D /* CustomProgess.swift */,
			);
			path = Views;
			sourceTree = "<group>";
		};
		E5207A2D2C5F8C2100D78D7A /* Utils */ = {
			isa = PBXGroup;
			children = (
				E5207A2A2C5F8C2100D78D7A /* CommonUtils.swift */,
				E5207A2B2C5F8C2100D78D7A /* HttpClient.swift */,
				E5207A2C2C5F8C2100D78D7A /* Trie.swift */,
			);
			path = Utils;
			sourceTree = "<group>";
		};
		E5207A302C5F8C2100D78D7A /* Translate */ = {
			isa = PBXGroup;
			children = (
				E5207A2E2C5F8C2100D78D7A /* TongyiQianWen.swift */,
				E5207A2F2C5F8C2100D78D7A /* Translater.swift */,
				E5B075912C8314CC0011BCA4 /* Gpt35Turbo.swift */,
			);
			path = Translate;
			sourceTree = "<group>";
		};
		E5207A322C5F8C2100D78D7A /* Preview Content */ = {
			isa = PBXGroup;
			children = (
				E5207A312C5F8C2100D78D7A /* Preview Assets.xcassets */,
			);
			path = "Preview Content";
			sourceTree = "<group>";
		};
		E5207A352C5F8C2100D78D7A /* Extensions */ = {
			isa = PBXGroup;
			children = (
				E5207A342C5F8C2100D78D7A /* NSRange.swift */,
			);
			path = Extensions;
			sourceTree = "<group>";
		};
		E59515AB2C85529B00A1FA03 /* Bridge */ = {
			isa = PBXGroup;
			children = (
				E59515B92C8561F100A1FA03 /* Pinyin-Bridging-Header.h */,
			);
			path = Bridge;
			sourceTree = "<group>";
		};
		E59515AC2C8552C400A1FA03 /* Frameworks */ = {
			isa = PBXGroup;
			children = (
				E57595C22C87E6EA00956346 /* librime-lua.dylib */,
				E57595C12C87E6EA00956346 /* librime-octagram.dylib */,
				E57595C42C87E6EA00956346 /* librime-predict.dylib */,
				E57595C32C87E6EA00956346 /* librime.1.dylib */,
			);
			name = Frameworks;
			sourceTree = "<group>";
		};
/* End PBXGroup section */

/* Begin PBXNativeTarget section */
		1A41E61326E745D9009B65D7 /* Transput */ = {
			isa = PBXNativeTarget;
			buildConfigurationList = 1A41E63826E745DD009B65D7 /* Build configuration list for PBXNativeTarget "Transput" */;
			buildPhases = (
				1A41E61026E745D9009B65D7 /* Sources */,
				1A41E61126E745D9009B65D7 /* Frameworks */,
				1A41E61226E745D9009B65D7 /* Resources */,
				E59187562C885E6F002DF4CA /* Embed Libraries */,
				E5DD498E2C8FF260001AB529 /* ShellScript */,
			);
			buildRules = (
			);
			dependencies = (
			);
			name = Transput;
			productName = Transput;
			productReference = 1A41E61426E745D9009B65D7 /* Transput.app */;
			productType = "com.apple.product-type.application";
		};
		1A41E62326E745DD009B65D7 /* TransputTests */ = {
			isa = PBXNativeTarget;
			buildConfigurationList = 1A41E63B26E745DD009B65D7 /* Build configuration list for PBXNativeTarget "TransputTests" */;
			buildPhases = (
				1A41E62026E745DD009B65D7 /* Sources */,
				1A41E62126E745DD009B65D7 /* Frameworks */,
				1A41E62226E745DD009B65D7 /* Resources */,
			);
			buildRules = (
			);
			dependencies = (
				1A41E62626E745DD009B65D7 /* PBXTargetDependency */,
			);
			name = TransputTests;
			productName = TransputTests;
			productReference = 1A41E62426E745DD009B65D7 /* TransputTests.xctest */;
			productType = "com.apple.product-type.bundle.unit-test";
		};
		1A41E62D26E745DD009B65D7 /* TransputUITests */ = {
			isa = PBXNativeTarget;
			buildConfigurationList = 1A41E63E26E745DD009B65D7 /* Build configuration list for PBXNativeTarget "TransputUITests" */;
			buildPhases = (
				1A41E62A26E745DD009B65D7 /* Sources */,
				1A41E62B26E745DD009B65D7 /* Frameworks */,
				1A41E62C26E745DD009B65D7 /* Resources */,
			);
			buildRules = (
			);
			dependencies = (
				1A41E63026E745DD009B65D7 /* PBXTargetDependency */,
			);
			name = TransputUITests;
			productName = TransputUITests;
			productReference = 1A41E62E26E745DD009B65D7 /* TransputUITests.xctest */;
			productType = "com.apple.product-type.bundle.ui-testing";
		};
/* End PBXNativeTarget section */

/* Begin PBXProject section */
		1A41E60C26E745D9009B65D7 /* Project object */ = {
			isa = PBXProject;
			attributes = {
				BuildIndependentTargetsInParallel = 1;
				LastSwiftUpdateCheck = 1300;
				LastUpgradeCheck = 1300;
				TargetAttributes = {
					1A41E61326E745D9009B65D7 = {
						CreatedOnToolsVersion = 13.0;
					};
					1A41E62326E745DD009B65D7 = {
						CreatedOnToolsVersion = 13.0;
						TestTargetID = 1A41E61326E745D9009B65D7;
					};
					1A41E62D26E745DD009B65D7 = {
						CreatedOnToolsVersion = 13.0;
						TestTargetID = 1A41E61326E745D9009B65D7;
					};
				};
			};
			buildConfigurationList = 1A41E60F26E745D9009B65D7 /* Build configuration list for PBXProject "Transput" */;
			compatibilityVersion = "Xcode 13.0";
			developmentRegion = en;
			hasScannedForEncodings = 0;
			knownRegions = (
				en,
				Base,
			);
			mainGroup = 1A41E60B26E745D9009B65D7;
			productRefGroup = 1A41E61526E745D9009B65D7 /* Products */;
			projectDirPath = "";
			projectRoot = "";
			targets = (
				1A41E61326E745D9009B65D7 /* Transput */,
				1A41E62326E745DD009B65D7 /* TransputTests */,
				1A41E62D26E745DD009B65D7 /* TransputUITests */,
			);
		};
/* End PBXProject section */

/* Begin PBXResourcesBuildPhase section */
		1A41E61226E745D9009B65D7 /* Resources */ = {
			isa = PBXResourcesBuildPhase;
			buildActionMask = 2147483647;
			files = (
				E5207A402C5F8C2100D78D7A /* Preview Assets.xcassets in Resources */,
				E57A020F2C673722009E059C /* logo.tiff in Resources */,
				E57A020E2C673722009E059C /* logo@2x.tiff in Resources */,
				E5207A3A2C5F8C2100D78D7A /* preferences.xib in Resources */,
				1A41E61C26E745DD009B65D7 /* Assets.xcassets in Resources */,
			);
			runOnlyForDeploymentPostprocessing = 0;
		};
		1A41E62226E745DD009B65D7 /* Resources */ = {
			isa = PBXResourcesBuildPhase;
			buildActionMask = 2147483647;
			files = (
			);
			runOnlyForDeploymentPostprocessing = 0;
		};
		1A41E62C26E745DD009B65D7 /* Resources */ = {
			isa = PBXResourcesBuildPhase;
			buildActionMask = 2147483647;
			files = (
			);
			runOnlyForDeploymentPostprocessing = 0;
		};
/* End PBXResourcesBuildPhase section */

/* Begin PBXShellScriptBuildPhase section */
		E5DD498E2C8FF260001AB529 /* ShellScript */ = {
			isa = PBXShellScriptBuildPhase;
			buildActionMask = 2147483647;
			files = (
			);
			inputFileListPaths = (
			);
			inputPaths = (
			);
			outputFileListPaths = (
			);
			outputPaths = (
			);
			runOnlyForDeploymentPostprocessing = 0;
			shellPath = /bin/sh;
			shellScript = "# Type a script or drag a script file from your workspace to insert its path.\n# 目标SharedSupport目录路径\nDESTINATION_FOLDER=\"${BUILT_PRODUCTS_DIR}/${CONTENTS_FOLDER_PATH}/SharedSupport\"\n\n# 创建SharedSupport目录（如果不存在）\nmkdir -p \"${DESTINATION_FOLDER}\"\n\n# 复制源文件夹到SharedSupport目录\ncp -r ${PROJECT_DIR}/schema/Pinyin/* \"${DESTINATION_FOLDER}\"\n\n";
		};
/* End PBXShellScriptBuildPhase section */

/* Begin PBXSourcesBuildPhase section */
		1A41E61026E745D9009B65D7 /* Sources */ = {
			isa = PBXSourcesBuildPhase;
			buildActionMask = 2147483647;
			files = (
				E591875B2C886133002DF4CA /* MacOSKeyCode.swift in Sources */,
				1A41E64226E74627009B65D7 /* AppDelegate.swift in Sources */,
				E5207A392C5F8C2100D78D7A /* ConfigWindowController.swift in Sources */,
				E52B643A2C8AD6BC00D6B658 /* RimeBridge.swift in Sources */,
				E52B64382C8AD4D700D6B658 /* BridgingFunctions.swift in Sources */,
				E5207A3C2C5F8C2100D78D7A /* HttpClient.swift in Sources */,
				E5207A3D2C5F8C2100D78D7A /* Trie.swift in Sources */,
				E5207A372C5F8C2100D78D7A /* TransputInputController.swift in Sources */,
				E5207A422C5F8C2100D78D7A /* NSRange.swift in Sources */,
				E5207A3F2C5F8C2100D78D7A /* Translater.swift in Sources */,
				E5207A3E2C5F8C2100D78D7A /* TongyiQianWen.swift in Sources */,
				E5B075922C8314CC0011BCA4 /* Gpt35Turbo.swift in Sources */,
				E5207A412C5F8C2100D78D7A /* ConfigModel.swift in Sources */,
				E5E2D38F2C6F3E39002EAF5D /* CustomProgess.swift in Sources */,
				E5B075902C83107F0011BCA4 /* InputProcesser.swift in Sources */,
				E5207A3B2C5F8C2100D78D7A /* CommonUtils.swift in Sources */,
				E5207A222C5F849A00D78D7A /* main.swift in Sources */,
			);
			runOnlyForDeploymentPostprocessing = 0;
		};
		1A41E62026E745DD009B65D7 /* Sources */ = {
			isa = PBXSourcesBuildPhase;
			buildActionMask = 2147483647;
			files = (
				1A41E62926E745DD009B65D7 /* TransputTests.swift in Sources */,
				E5FFDF912C5C6E25008CB649 /* InputError.swift in Sources */,
			);
			runOnlyForDeploymentPostprocessing = 0;
		};
		1A41E62A26E745DD009B65D7 /* Sources */ = {
			isa = PBXSourcesBuildPhase;
			buildActionMask = 2147483647;
			files = (
				1A41E63326E745DD009B65D7 /* TransputUITests.swift in Sources */,
				1A41E63526E745DD009B65D7 /* TransputUITestsLaunchTests.swift in Sources */,
			);
			runOnlyForDeploymentPostprocessing = 0;
		};
/* End PBXSourcesBuildPhase section */

/* Begin PBXTargetDependency section */
		1A41E62626E745DD009B65D7 /* PBXTargetDependency */ = {
			isa = PBXTargetDependency;
			target = 1A41E61326E745D9009B65D7 /* Transput */;
			targetProxy = 1A41E62526E745DD009B65D7 /* PBXContainerItemProxy */;
		};
		1A41E63026E745DD009B65D7 /* PBXTargetDependency */ = {
			isa = PBXTargetDependency;
			target = 1A41E61326E745D9009B65D7 /* Transput */;
			targetProxy = 1A41E62F26E745DD009B65D7 /* PBXContainerItemProxy */;
		};
/* End PBXTargetDependency section */

/* Begin XCBuildConfiguration section */
		1A41E63626E745DD009B65D7 /* Debug */ = {
			isa = XCBuildConfiguration;
			buildSettings = {
				ALWAYS_SEARCH_USER_PATHS = NO;
				CLANG_ANALYZER_NONNULL = YES;
				CLANG_ANALYZER_NUMBER_OBJECT_CONVERSION = YES_AGGRESSIVE;
				CLANG_CXX_LANGUAGE_STANDARD = "gnu++17";
				CLANG_CXX_LIBRARY = "libc++";
				CLANG_ENABLE_MODULES = YES;
				CLANG_ENABLE_OBJC_ARC = YES;
				CLANG_ENABLE_OBJC_WEAK = YES;
				CLANG_WARN_BLOCK_CAPTURE_AUTORELEASING = YES;
				CLANG_WARN_BOOL_CONVERSION = YES;
				CLANG_WARN_COMMA = YES;
				CLANG_WARN_CONSTANT_CONVERSION = YES;
				CLANG_WARN_DEPRECATED_OBJC_IMPLEMENTATIONS = YES;
				CLANG_WARN_DIRECT_OBJC_ISA_USAGE = YES_ERROR;
				CLANG_WARN_DOCUMENTATION_COMMENTS = YES;
				CLANG_WARN_EMPTY_BODY = YES;
				CLANG_WARN_ENUM_CONVERSION = YES;
				CLANG_WARN_INFINITE_RECURSION = YES;
				CLANG_WARN_INT_CONVERSION = YES;
				CLANG_WARN_NON_LITERAL_NULL_CONVERSION = YES;
				CLANG_WARN_OBJC_IMPLICIT_RETAIN_SELF = YES;
				CLANG_WARN_OBJC_LITERAL_CONVERSION = YES;
				CLANG_WARN_OBJC_ROOT_CLASS = YES_ERROR;
				CLANG_WARN_QUOTED_INCLUDE_IN_FRAMEWORK_HEADER = YES;
				CLANG_WARN_RANGE_LOOP_ANALYSIS = YES;
				CLANG_WARN_STRICT_PROTOTYPES = YES;
				CLANG_WARN_SUSPICIOUS_MOVE = YES;
				CLANG_WARN_UNGUARDED_AVAILABILITY = YES_AGGRESSIVE;
				CLANG_WARN_UNREACHABLE_CODE = YES;
				CLANG_WARN__DUPLICATE_METHOD_MATCH = YES;
				COPY_PHASE_STRIP = NO;
				DEBUG_INFORMATION_FORMAT = dwarf;
				ENABLE_STRICT_OBJC_MSGSEND = YES;
				ENABLE_TESTABILITY = YES;
				GCC_C_LANGUAGE_STANDARD = gnu11;
				GCC_DYNAMIC_NO_PIC = NO;
				GCC_NO_COMMON_BLOCKS = YES;
				GCC_OPTIMIZATION_LEVEL = 0;
				GCC_PREPROCESSOR_DEFINITIONS = (
					"DEBUG=1",
					"$(inherited)",
				);
				GCC_WARN_64_TO_32_BIT_CONVERSION = YES;
				GCC_WARN_ABOUT_RETURN_TYPE = YES_ERROR;
				GCC_WARN_UNDECLARED_SELECTOR = YES;
				GCC_WARN_UNINITIALIZED_AUTOS = YES_AGGRESSIVE;
				GCC_WARN_UNUSED_FUNCTION = YES;
				GCC_WARN_UNUSED_VARIABLE = YES;
				"HEADER_SEARCH_PATHS[sdk=macosx*][arch=arm64]" = rime;
				"LIBRARY_SEARCH_PATHS[sdk=macosx*][arch=arm64]" = "$(PROJECT_DIR)/lib";
				MACOSX_DEPLOYMENT_TARGET = 12.0;
				MTL_ENABLE_DEBUG_INFO = INCLUDE_SOURCE;
				MTL_FAST_MATH = YES;
				ONLY_ACTIVE_ARCH = YES;
				PRODUCT_DEFINITION_PLIST = "";
				SDKROOT = macosx;
				SWIFT_ACTIVE_COMPILATION_CONDITIONS = DEBUG;
				SWIFT_OPTIMIZATION_LEVEL = "-Onone";
			};
			name = Debug;
		};
		1A41E63726E745DD009B65D7 /* Release */ = {
			isa = XCBuildConfiguration;
			buildSettings = {
				ALWAYS_SEARCH_USER_PATHS = NO;
				CLANG_ANALYZER_NONNULL = YES;
				CLANG_ANALYZER_NUMBER_OBJECT_CONVERSION = YES_AGGRESSIVE;
				CLANG_CXX_LANGUAGE_STANDARD = "gnu++17";
				CLANG_CXX_LIBRARY = "libc++";
				CLANG_ENABLE_MODULES = YES;
				CLANG_ENABLE_OBJC_ARC = YES;
				CLANG_ENABLE_OBJC_WEAK = YES;
				CLANG_WARN_BLOCK_CAPTURE_AUTORELEASING = YES;
				CLANG_WARN_BOOL_CONVERSION = YES;
				CLANG_WARN_COMMA = YES;
				CLANG_WARN_CONSTANT_CONVERSION = YES;
				CLANG_WARN_DEPRECATED_OBJC_IMPLEMENTATIONS = YES;
				CLANG_WARN_DIRECT_OBJC_ISA_USAGE = YES_ERROR;
				CLANG_WARN_DOCUMENTATION_COMMENTS = YES;
				CLANG_WARN_EMPTY_BODY = YES;
				CLANG_WARN_ENUM_CONVERSION = YES;
				CLANG_WARN_INFINITE_RECURSION = YES;
				CLANG_WARN_INT_CONVERSION = YES;
				CLANG_WARN_NON_LITERAL_NULL_CONVERSION = YES;
				CLANG_WARN_OBJC_IMPLICIT_RETAIN_SELF = YES;
				CLANG_WARN_OBJC_LITERAL_CONVERSION = YES;
				CLANG_WARN_OBJC_ROOT_CLASS = YES_ERROR;
				CLANG_WARN_QUOTED_INCLUDE_IN_FRAMEWORK_HEADER = YES;
				CLANG_WARN_RANGE_LOOP_ANALYSIS = YES;
				CLANG_WARN_STRICT_PROTOTYPES = YES;
				CLANG_WARN_SUSPICIOUS_MOVE = YES;
				CLANG_WARN_UNGUARDED_AVAILABILITY = YES_AGGRESSIVE;
				CLANG_WARN_UNREACHABLE_CODE = YES;
				CLANG_WARN__DUPLICATE_METHOD_MATCH = YES;
				COPY_PHASE_STRIP = NO;
				DEBUG_INFORMATION_FORMAT = "dwarf-with-dsym";
				ENABLE_NS_ASSERTIONS = NO;
				ENABLE_STRICT_OBJC_MSGSEND = YES;
				GCC_C_LANGUAGE_STANDARD = gnu11;
				GCC_NO_COMMON_BLOCKS = YES;
				GCC_WARN_64_TO_32_BIT_CONVERSION = YES;
				GCC_WARN_ABOUT_RETURN_TYPE = YES_ERROR;
				GCC_WARN_UNDECLARED_SELECTOR = YES;
				GCC_WARN_UNINITIALIZED_AUTOS = YES_AGGRESSIVE;
				GCC_WARN_UNUSED_FUNCTION = YES;
				GCC_WARN_UNUSED_VARIABLE = YES;
				"HEADER_SEARCH_PATHS[sdk=macosx*][arch=arm64]" = rime;
				"LIBRARY_SEARCH_PATHS[sdk=macosx*][arch=arm64]" = "$(PROJECT_DIR)/lib";
				MACOSX_DEPLOYMENT_TARGET = 12.0;
				MTL_ENABLE_DEBUG_INFO = INCLUDE_SOURCE;
				MTL_FAST_MATH = YES;
				ONLY_ACTIVE_ARCH = YES;
				PRODUCT_DEFINITION_PLIST = "";
				SDKROOT = macosx;
				SWIFT_COMPILATION_MODE = wholemodule;
				SWIFT_OPTIMIZATION_LEVEL = "-O";
			};
			name = Release;
		};
		1A41E63926E745DD009B65D7 /* Debug */ = {
			isa = XCBuildConfiguration;
			buildSettings = {
				ASSETCATALOG_COMPILER_APPICON_NAME = AppIcon;
				ASSETCATALOG_COMPILER_GLOBAL_ACCENT_COLOR_NAME = AccentColor;
				CODE_SIGN_ENTITLEMENTS = Transput/Transput.entitlements;
				"CODE_SIGN_IDENTITY[sdk=macosx*]" = "Apple Development";
				CODE_SIGN_STYLE = Automatic;
				COMBINE_HIDPI_IMAGES = YES;
				CURRENT_PROJECT_VERSION = 1;
				DEVELOPMENT_ASSET_PATHS = "\"Transput/Preview Content\"";
				DEVELOPMENT_TEAM = 5Y5653L4HB;
				ENABLE_APP_SANDBOX = NO;
				ENABLE_HARDENED_RUNTIME = YES;
				ENABLE_PREVIEWS = YES;
				ENABLE_USER_SELECTED_FILES = readonly;
				GENERATE_INFOPLIST_FILE = YES;
				"HEADER_SEARCH_PATHS[sdk=macosx*][arch=arm64]" = (
					lib,
					rime,
				);
				INFOPLIST_FILE = Transput/Info.plist;
				INFOPLIST_KEY_LSBackgroundOnly = YES;
				INFOPLIST_KEY_LSUIElement = YES;
				INFOPLIST_KEY_NSHumanReadableCopyright = "";
				INFOPLIST_KEY_NSPrincipalClass = NSApplication;
				LD_RUNPATH_SEARCH_PATHS = (
					"$(inherited)",
					"@executable_path/../Frameworks",
				);
				LIBRARY_SEARCH_PATHS = (
					"$(inherited)",
					"$(PROJECT_DIR)/lib",
				);
				MACOSX_DEPLOYMENT_TARGET = 14.3;
				MARKETING_VERSION = 1.0;
				PRODUCT_BUNDLE_IDENTIFIER = com.janlely.inputmethod.Transput;
				PRODUCT_NAME = "$(TARGET_NAME)";
				SWIFT_EMIT_LOC_STRINGS = YES;
				"SWIFT_OBJC_BRIDGING_HEADER[sdk=macosx*][arch=arm64]" = "Transput/Bridge/Pinyin-Bridging-Header.h";
				SWIFT_VERSION = 5.0;
			};
			name = Debug;
		};
		1A41E63A26E745DD009B65D7 /* Release */ = {
			isa = XCBuildConfiguration;
			buildSettings = {
				ASSETCATALOG_COMPILER_APPICON_NAME = AppIcon;
				ASSETCATALOG_COMPILER_GLOBAL_ACCENT_COLOR_NAME = AccentColor;
				CODE_SIGN_ENTITLEMENTS = Transput/Transput.entitlements;
				"CODE_SIGN_IDENTITY[sdk=macosx*]" = "Apple Development";
				CODE_SIGN_STYLE = Automatic;
				COMBINE_HIDPI_IMAGES = YES;
				CURRENT_PROJECT_VERSION = 1;
				DEVELOPMENT_ASSET_PATHS = "\"Transput/Preview Content\"";
				DEVELOPMENT_TEAM = 5Y5653L4HB;
				ENABLE_APP_SANDBOX = NO;
				ENABLE_HARDENED_RUNTIME = YES;
				ENABLE_PREVIEWS = YES;
				ENABLE_USER_SELECTED_FILES = readonly;
				GENERATE_INFOPLIST_FILE = YES;
				"HEADER_SEARCH_PATHS[sdk=macosx*][arch=arm64]" = (
					lib,
					rime,
				);
				INFOPLIST_FILE = Transput/Info.plist;
				INFOPLIST_KEY_LSBackgroundOnly = YES;
				INFOPLIST_KEY_LSUIElement = YES;
				INFOPLIST_KEY_NSHumanReadableCopyright = "";
				INFOPLIST_KEY_NSPrincipalClass = NSApplication;
				LD_RUNPATH_SEARCH_PATHS = (
					"$(inherited)",
					"@executable_path/../Frameworks",
				);
				LIBRARY_SEARCH_PATHS = (
					"$(inherited)",
					"$(PROJECT_DIR)/lib",
				);
				MACOSX_DEPLOYMENT_TARGET = 14.3;
				MARKETING_VERSION = 1.0;
				PRODUCT_BUNDLE_IDENTIFIER = com.janlely.inputmethod.Transput;
				PRODUCT_NAME = "$(TARGET_NAME)";
				SWIFT_EMIT_LOC_STRINGS = YES;
				"SWIFT_OBJC_BRIDGING_HEADER[sdk=macosx*][arch=arm64]" = "Transput/Bridge/Pinyin-Bridging-Header.h";
				SWIFT_VERSION = 5.0;
			};
			name = Release;
		};
		1A41E63C26E745DD009B65D7 /* Debug */ = {
			isa = XCBuildConfiguration;
			buildSettings = {
				ALWAYS_EMBED_SWIFT_STANDARD_LIBRARIES = YES;
				BUNDLE_LOADER = "$(TEST_HOST)";
				CODE_SIGN_STYLE = Automatic;
				COMBINE_HIDPI_IMAGES = YES;
				CURRENT_PROJECT_VERSION = 1;
				DEVELOPMENT_TEAM = 5Y5653L4HB;
				GENERATE_INFOPLIST_FILE = YES;
				"HEADER_SEARCH_PATHS[sdk=macosx*][arch=arm64]" = (
					lib,
					rime,
				);
				LD_RUNPATH_SEARCH_PATHS = (
					"$(inherited)",
					"@executable_path/../Frameworks",
					"@loader_path/../Frameworks",
				);
				LIBRARY_SEARCH_PATHS = (
					"$(inherited)",
					"$(PROJECT_DIR)/lib",
				);
				MACOSX_DEPLOYMENT_TARGET = 14.3;
				MARKETING_VERSION = 1.0;
				PRODUCT_BUNDLE_IDENTIFIER = "com.janlely.inputmethod.Transput-PinyinTests";
				PRODUCT_NAME = "$(TARGET_NAME)";
				SWIFT_EMIT_LOC_STRINGS = NO;
				"SWIFT_OBJC_BRIDGING_HEADER[sdk=macosx*][arch=arm64]" = "Transput/Bridge/Pinyin-Bridging-Header.h";
				SWIFT_VERSION = 5.0;
				TEST_HOST = "$(BUILT_PRODUCTS_DIR)/Transput.app/Contents/MacOS/Transput";
			};
			name = Debug;
		};
		1A41E63D26E745DD009B65D7 /* Release */ = {
			isa = XCBuildConfiguration;
			buildSettings = {
				ALWAYS_EMBED_SWIFT_STANDARD_LIBRARIES = YES;
				BUNDLE_LOADER = "$(TEST_HOST)";
				CODE_SIGN_STYLE = Automatic;
				COMBINE_HIDPI_IMAGES = YES;
				CURRENT_PROJECT_VERSION = 1;
				DEVELOPMENT_TEAM = 5Y5653L4HB;
				GENERATE_INFOPLIST_FILE = YES;
				"HEADER_SEARCH_PATHS[sdk=macosx*][arch=arm64]" = (
					lib,
					rime,
				);
				LD_RUNPATH_SEARCH_PATHS = (
					"$(inherited)",
					"@executable_path/../Frameworks",
					"@loader_path/../Frameworks",
				);
				LIBRARY_SEARCH_PATHS = (
					"$(inherited)",
					"$(PROJECT_DIR)/lib",
				);
				MACOSX_DEPLOYMENT_TARGET = 14.3;
				MARKETING_VERSION = 1.0;
				PRODUCT_BUNDLE_IDENTIFIER = "com.janlely.inputmethod.Transput-PinyinTests";
				PRODUCT_NAME = "$(TARGET_NAME)";
				SWIFT_EMIT_LOC_STRINGS = NO;
				"SWIFT_OBJC_BRIDGING_HEADER[sdk=macosx*][arch=arm64]" = "Transput/Bridge/Pinyin-Bridging-Header.h";
				SWIFT_VERSION = 5.0;
				TEST_HOST = "$(BUILT_PRODUCTS_DIR)/Transput.app/Contents/MacOS/Transput";
			};
			name = Release;
		};
		1A41E63F26E745DD009B65D7 /* Debug */ = {
			isa = XCBuildConfiguration;
			buildSettings = {
				ALWAYS_EMBED_SWIFT_STANDARD_LIBRARIES = YES;
				CODE_SIGN_STYLE = Automatic;
				COMBINE_HIDPI_IMAGES = YES;
				CURRENT_PROJECT_VERSION = 1;
				GENERATE_INFOPLIST_FILE = YES;
				LD_RUNPATH_SEARCH_PATHS = (
					"$(inherited)",
					"@executable_path/../Frameworks",
					"@loader_path/../Frameworks",
				);
				MARKETING_VERSION = 1.0;
				PRODUCT_BUNDLE_IDENTIFIER = com.janlely.inputmethod.TransputUITests;
				PRODUCT_NAME = "$(TARGET_NAME)";
				SWIFT_EMIT_LOC_STRINGS = NO;
				SWIFT_VERSION = 5.0;
				TEST_TARGET_NAME = Transput;
			};
			name = Debug;
		};
		1A41E64026E745DD009B65D7 /* Release */ = {
			isa = XCBuildConfiguration;
			buildSettings = {
				ALWAYS_EMBED_SWIFT_STANDARD_LIBRARIES = YES;
				CODE_SIGN_STYLE = Automatic;
				COMBINE_HIDPI_IMAGES = YES;
				CURRENT_PROJECT_VERSION = 1;
				DEVELOPMENT_TEAM = 5Y5653L4HB;
				GENERATE_INFOPLIST_FILE = YES;
				LD_RUNPATH_SEARCH_PATHS = (
					"$(inherited)",
					"@executable_path/../Frameworks",
					"@loader_path/../Frameworks",
				);
				MARKETING_VERSION = 1.0;
				PRODUCT_BUNDLE_IDENTIFIER = com.janlely.inputmethod.TransputUITests;
				PRODUCT_NAME = "$(TARGET_NAME)";
				SWIFT_EMIT_LOC_STRINGS = NO;
				SWIFT_VERSION = 5.0;
				TEST_TARGET_NAME = Transput;
			};
			name = Release;
		};
/* End XCBuildConfiguration section */

/* Begin XCConfigurationList section */
		1A41E60F26E745D9009B65D7 /* Build configuration list for PBXProject "Transput" */ = {
			isa = XCConfigurationList;
			buildConfigurations = (
				1A41E63626E745DD009B65D7 /* Debug */,
				1A41E63726E745DD009B65D7 /* Release */,
			);
			defaultConfigurationIsVisible = 0;
			defaultConfigurationName = Release;
		};
		1A41E63826E745DD009B65D7 /* Build configuration list for PBXNativeTarget "Transput" */ = {
			isa = XCConfigurationList;
			buildConfigurations = (
				1A41E63926E745DD009B65D7 /* Debug */,
				1A41E63A26E745DD009B65D7 /* Release */,
			);
			defaultConfigurationIsVisible = 0;
			defaultConfigurationName = Release;
		};
		1A41E63B26E745DD009B65D7 /* Build configuration list for PBXNativeTarget "TransputTests" */ = {
			isa = XCConfigurationList;
			buildConfigurations = (
				1A41E63C26E745DD009B65D7 /* Debug */,
				1A41E63D26E745DD009B65D7 /* Release */,
			);
			defaultConfigurationIsVisible = 0;
			defaultConfigurationName = Release;
		};
		1A41E63E26E745DD009B65D7 /* Build configuration list for PBXNativeTarget "TransputUITests" */ = {
			isa = XCConfigurationList;
			buildConfigurations = (
				1A41E63F26E745DD009B65D7 /* Debug */,
				1A41E64026E745DD009B65D7 /* Release */,
			);
			defaultConfigurationIsVisible = 0;
			defaultConfigurationName = Release;
		};
/* End XCConfigurationList section */
	};
	rootObject = 1A41E60C26E745D9009B65D7 /* Project object */;
}
